// !$*UTF8*$!
{
	archiveVersion = 1;
	classes = {
	};
	objectVersion = 50;
	objects = {

/* Begin PBXBuildFile section */
		936388102108A02E006375C8 /* AppDelegate.swift in Sources */ = {isa = PBXBuildFile; fileRef = 9363880F2108A02E006375C8 /* AppDelegate.swift */; };
		936388132108A02E006375C8 /* Sherpany_Interview_Project.xcdatamodeld in Sources */ = {isa = PBXBuildFile; fileRef = 936388112108A02E006375C8 /* Sherpany_Interview_Project.xcdatamodeld */; };
		936388152108A02E006375C8 /* MasterViewController.swift in Sources */ = {isa = PBXBuildFile; fileRef = 936388142108A02E006375C8 /* MasterViewController.swift */; };
		936388172108A02E006375C8 /* DetailViewController.swift in Sources */ = {isa = PBXBuildFile; fileRef = 936388162108A02E006375C8 /* DetailViewController.swift */; };
		9363881A2108A02E006375C8 /* Main.storyboard in Resources */ = {isa = PBXBuildFile; fileRef = 936388182108A02E006375C8 /* Main.storyboard */; };
		9363881C2108A030006375C8 /* Assets.xcassets in Resources */ = {isa = PBXBuildFile; fileRef = 9363881B2108A030006375C8 /* Assets.xcassets */; };
		9363881F2108A030006375C8 /* LaunchScreen.storyboard in Resources */ = {isa = PBXBuildFile; fileRef = 9363881D2108A030006375C8 /* LaunchScreen.storyboard */; };
		9363882A2108AF93006375C8 /* MasterViewTableViewCell.swift in Sources */ = {isa = PBXBuildFile; fileRef = 936388292108AF93006375C8 /* MasterViewTableViewCell.swift */; };
		9363882D2109F802006375C8 /* APIManager.swift in Sources */ = {isa = PBXBuildFile; fileRef = 9363882C2109F802006375C8 /* APIManager.swift */; };
		D3459DFCEA46D5FC7AF54BE1 /* Pods_Sherpany_Interview_Project.framework in Frameworks */ = {isa = PBXBuildFile; fileRef = 676DAC8E353CAAE9A9221273 /* Pods_Sherpany_Interview_Project.framework */; };
/* End PBXBuildFile section */

/* Begin PBXFileReference section */
		676DAC8E353CAAE9A9221273 /* Pods_Sherpany_Interview_Project.framework */ = {isa = PBXFileReference; explicitFileType = wrapper.framework; includeInIndex = 0; path = Pods_Sherpany_Interview_Project.framework; sourceTree = BUILT_PRODUCTS_DIR; };
		9363880C2108A02E006375C8 /* Sherpany Interview Project.app */ = {isa = PBXFileReference; explicitFileType = wrapper.application; includeInIndex = 0; path = "Sherpany Interview Project.app"; sourceTree = BUILT_PRODUCTS_DIR; };
		9363880F2108A02E006375C8 /* AppDelegate.swift */ = {isa = PBXFileReference; lastKnownFileType = sourcecode.swift; path = AppDelegate.swift; sourceTree = "<group>"; };
		936388122108A02E006375C8 /* Sherpany_Interview_Project.xcdatamodel */ = {isa = PBXFileReference; lastKnownFileType = wrapper.xcdatamodel; path = Sherpany_Interview_Project.xcdatamodel; sourceTree = "<group>"; };
		936388142108A02E006375C8 /* MasterViewController.swift */ = {isa = PBXFileReference; lastKnownFileType = sourcecode.swift; path = MasterViewController.swift; sourceTree = "<group>"; };
		936388162108A02E006375C8 /* DetailViewController.swift */ = {isa = PBXFileReference; lastKnownFileType = sourcecode.swift; path = DetailViewController.swift; sourceTree = "<group>"; };
		936388192108A02E006375C8 /* Base */ = {isa = PBXFileReference; lastKnownFileType = file.storyboard; name = Base; path = Base.lproj/Main.storyboard; sourceTree = "<group>"; };
		9363881B2108A030006375C8 /* Assets.xcassets */ = {isa = PBXFileReference; lastKnownFileType = folder.assetcatalog; path = Assets.xcassets; sourceTree = "<group>"; };
		9363881E2108A030006375C8 /* Base */ = {isa = PBXFileReference; lastKnownFileType = file.storyboard; name = Base; path = Base.lproj/LaunchScreen.storyboard; sourceTree = "<group>"; };
		936388202108A030006375C8 /* Info.plist */ = {isa = PBXFileReference; lastKnownFileType = text.plist.xml; path = Info.plist; sourceTree = "<group>"; };
		936388292108AF93006375C8 /* MasterViewTableViewCell.swift */ = {isa = PBXFileReference; lastKnownFileType = sourcecode.swift; path = MasterViewTableViewCell.swift; sourceTree = "<group>"; };
		9363882C2109F802006375C8 /* APIManager.swift */ = {isa = PBXFileReference; lastKnownFileType = sourcecode.swift; path = APIManager.swift; sourceTree = "<group>"; };
		C023A58F94CC0202B373A4F3 /* Pods-Sherpany Interview Project.debug.xcconfig */ = {isa = PBXFileReference; includeInIndex = 1; lastKnownFileType = text.xcconfig; name = "Pods-Sherpany Interview Project.debug.xcconfig"; path = "Pods/Target Support Files/Pods-Sherpany Interview Project/Pods-Sherpany Interview Project.debug.xcconfig"; sourceTree = "<group>"; };
		EE211A8E862851FC32948474 /* Pods-Sherpany Interview Project.release.xcconfig */ = {isa = PBXFileReference; includeInIndex = 1; lastKnownFileType = text.xcconfig; name = "Pods-Sherpany Interview Project.release.xcconfig"; path = "Pods/Target Support Files/Pods-Sherpany Interview Project/Pods-Sherpany Interview Project.release.xcconfig"; sourceTree = "<group>"; };
/* End PBXFileReference section */

/* Begin PBXFrameworksBuildPhase section */
		936388092108A02E006375C8 /* Frameworks */ = {
			isa = PBXFrameworksBuildPhase;
			buildActionMask = 2147483647;
			files = (
				D3459DFCEA46D5FC7AF54BE1 /* Pods_Sherpany_Interview_Project.framework in Frameworks */,
			);
			runOnlyForDeploymentPostprocessing = 0;
		};
/* End PBXFrameworksBuildPhase section */

/* Begin PBXGroup section */
		936388032108A02E006375C8 = {
			isa = PBXGroup;
			children = (
				9363880E2108A02E006375C8 /* Sherpany Interview Project */,
				9363880D2108A02E006375C8 /* Products */,
				C3BABC0E5A24BB69E6AD8369 /* Pods */,
				A21ABA81992BCE458365BD30 /* Frameworks */,
			);
			sourceTree = "<group>";
		};
		9363880D2108A02E006375C8 /* Products */ = {
			isa = PBXGroup;
			children = (
				9363880C2108A02E006375C8 /* Sherpany Interview Project.app */,
			);
			name = Products;
			sourceTree = "<group>";
		};
		9363880E2108A02E006375C8 /* Sherpany Interview Project */ = {
			isa = PBXGroup;
			children = (
				9363880F2108A02E006375C8 /* AppDelegate.swift */,
				9363882C2109F802006375C8 /* APIManager.swift */,
				936388142108A02E006375C8 /* MasterViewController.swift */,
				936388162108A02E006375C8 /* DetailViewController.swift */,
				9363882B2109F634006375C8 /* Cell */,
				936388182108A02E006375C8 /* Main.storyboard */,
				9363881B2108A030006375C8 /* Assets.xcassets */,
				9363881D2108A030006375C8 /* LaunchScreen.storyboard */,
				936388202108A030006375C8 /* Info.plist */,
				936388112108A02E006375C8 /* Sherpany_Interview_Project.xcdatamodeld */,
			);
			path = "Sherpany Interview Project";
			sourceTree = "<group>";
		};
		9363882B2109F634006375C8 /* Cell */ = {
			isa = PBXGroup;
			children = (
				936388292108AF93006375C8 /* MasterViewTableViewCell.swift */,
			);
			path = Cell;
			sourceTree = "<group>";
		};
		A21ABA81992BCE458365BD30 /* Frameworks */ = {
			isa = PBXGroup;
			children = (
				676DAC8E353CAAE9A9221273 /* Pods_Sherpany_Interview_Project.framework */,
			);
			name = Frameworks;
			sourceTree = "<group>";
		};
		C3BABC0E5A24BB69E6AD8369 /* Pods */ = {
			isa = PBXGroup;
			children = (
				C023A58F94CC0202B373A4F3 /* Pods-Sherpany Interview Project.debug.xcconfig */,
				EE211A8E862851FC32948474 /* Pods-Sherpany Interview Project.release.xcconfig */,
			);
			name = Pods;
			sourceTree = "<group>";
		};
/* End PBXGroup section */

/* Begin PBXNativeTarget section */
		9363880B2108A02E006375C8 /* Sherpany Interview Project */ = {
			isa = PBXNativeTarget;
			buildConfigurationList = 936388232108A030006375C8 /* Build configuration list for PBXNativeTarget "Sherpany Interview Project" */;
			buildPhases = (
				EC05FC36E3832A4A256396CD /* [CP] Check Pods Manifest.lock */,
				936388082108A02E006375C8 /* Sources */,
				936388092108A02E006375C8 /* Frameworks */,
				9363880A2108A02E006375C8 /* Resources */,
				3ED31B4883BA86B999E3DEF0 /* [CP] Embed Pods Frameworks */,
			);
			buildRules = (
			);
			dependencies = (
			);
			name = "Sherpany Interview Project";
			productName = "Sherpany Interview Project";
			productReference = 9363880C2108A02E006375C8 /* Sherpany Interview Project.app */;
			productType = "com.apple.product-type.application";
		};
/* End PBXNativeTarget section */

/* Begin PBXProject section */
		936388042108A02E006375C8 /* Project object */ = {
			isa = PBXProject;
			attributes = {
				LastSwiftUpdateCheck = 0940;
				LastUpgradeCheck = 0940;
				ORGANIZATIONNAME = "Dante Puglisi";
				TargetAttributes = {
					9363880B2108A02E006375C8 = {
						CreatedOnToolsVersion = 9.4.1;
					};
				};
			};
			buildConfigurationList = 936388072108A02E006375C8 /* Build configuration list for PBXProject "Sherpany Interview Project" */;
			compatibilityVersion = "Xcode 9.3";
			developmentRegion = en;
			hasScannedForEncodings = 0;
			knownRegions = (
				en,
				Base,
			);
			mainGroup = 936388032108A02E006375C8;
			productRefGroup = 9363880D2108A02E006375C8 /* Products */;
			projectDirPath = "";
			projectRoot = "";
			targets = (
				9363880B2108A02E006375C8 /* Sherpany Interview Project */,
			);
		};
/* End PBXProject section */

/* Begin PBXResourcesBuildPhase section */
		9363880A2108A02E006375C8 /* Resources */ = {
			isa = PBXResourcesBuildPhase;
			buildActionMask = 2147483647;
			files = (
				9363881F2108A030006375C8 /* LaunchScreen.storyboard in Resources */,
				9363881C2108A030006375C8 /* Assets.xcassets in Resources */,
				9363881A2108A02E006375C8 /* Main.storyboard in Resources */,
			);
			runOnlyForDeploymentPostprocessing = 0;
		};
/* End PBXResourcesBuildPhase section */

/* Begin PBXShellScriptBuildPhase section */
		3ED31B4883BA86B999E3DEF0 /* [CP] Embed Pods Frameworks */ = {
			isa = PBXShellScriptBuildPhase;
			buildActionMask = 2147483647;
			files = (
			);
			inputPaths = (
				"${SRCROOT}/Pods/Target Support Files/Pods-Sherpany Interview Project/Pods-Sherpany Interview Project-frameworks.sh",
				"${BUILT_PRODUCTS_DIR}/Alamofire/Alamofire.framework",
			);
			name = "[CP] Embed Pods Frameworks";
			outputPaths = (
				"${TARGET_BUILD_DIR}/${FRAMEWORKS_FOLDER_PATH}/Alamofire.framework",
			);
			runOnlyForDeploymentPostprocessing = 0;
			shellPath = /bin/sh;
			shellScript = "\"${SRCROOT}/Pods/Target Support Files/Pods-Sherpany Interview Project/Pods-Sherpany Interview Project-frameworks.sh\"\n";
			showEnvVarsInLog = 0;
		};
		EC05FC36E3832A4A256396CD /* [CP] Check Pods Manifest.lock */ = {
			isa = PBXShellScriptBuildPhase;
			buildActionMask = 2147483647;
			files = (
			);
			inputPaths = (
				"${PODS_PODFILE_DIR_PATH}/Podfile.lock",
				"${PODS_ROOT}/Manifest.lock",
			);
			name = "[CP] Check Pods Manifest.lock";
			outputPaths = (
				"$(DERIVED_FILE_DIR)/Pods-Sherpany Interview Project-checkManifestLockResult.txt",
			);
			runOnlyForDeploymentPostprocessing = 0;
			shellPath = /bin/sh;
			shellScript = "diff \"${PODS_PODFILE_DIR_PATH}/Podfile.lock\" \"${PODS_ROOT}/Manifest.lock\" > /dev/null\nif [ $? != 0 ] ; then\n    # print error to STDERR\n    echo \"error: The sandbox is not in sync with the Podfile.lock. Run 'pod install' or update your CocoaPods installation.\" >&2\n    exit 1\nfi\n# This output is used by Xcode 'outputs' to avoid re-running this script phase.\necho \"SUCCESS\" > \"${SCRIPT_OUTPUT_FILE_0}\"\n";
			showEnvVarsInLog = 0;
		};
/* End PBXShellScriptBuildPhase section */

/* Begin PBXSourcesBuildPhase section */
		936388082108A02E006375C8 /* Sources */ = {
			isa = PBXSourcesBuildPhase;
			buildActionMask = 2147483647;
			files = (
				9363882D2109F802006375C8 /* APIManager.swift in Sources */,
				936388102108A02E006375C8 /* AppDelegate.swift in Sources */,
				936388132108A02E006375C8 /* Sherpany_Interview_Project.xcdatamodeld in Sources */,
				936388152108A02E006375C8 /* MasterViewController.swift in Sources */,
				936388172108A02E006375C8 /* DetailViewController.swift in Sources */,
				9363882A2108AF93006375C8 /* MasterViewTableViewCell.swift in Sources */,
			);
			runOnlyForDeploymentPostprocessing = 0;
		};
/* End PBXSourcesBuildPhase section */

/* Begin PBXVariantGroup section */
		936388182108A02E006375C8 /* Main.storyboard */ = {
			isa = PBXVariantGroup;
			children = (
				936388192108A02E006375C8 /* Base */,
			);
			name = Main.storyboard;
			sourceTree = "<group>";
		};
		9363881D2108A030006375C8 /* LaunchScreen.storyboard */ = {
			isa = PBXVariantGroup;
			children = (
				9363881E2108A030006375C8 /* Base */,
			);
			name = LaunchScreen.storyboard;
			sourceTree = "<group>";
		};
/* End PBXVariantGroup section */

/* Begin XCBuildConfiguration section */
		936388212108A030006375C8 /* Debug */ = {
			isa = XCBuildConfiguration;
			buildSettings = {
				ALWAYS_SEARCH_USER_PATHS = NO;
				CLANG_ANALYZER_NONNULL = YES;
				CLANG_ANALYZER_NUMBER_OBJECT_CONVERSION = YES_AGGRESSIVE;
				CLANG_CXX_LANGUAGE_STANDARD = "gnu++14";
				CLANG_CXX_LIBRARY = "libc++";
				CLANG_ENABLE_MODULES = YES;
				CLANG_ENABLE_OBJC_ARC = YES;
				CLANG_ENABLE_OBJC_WEAK = YES;
				CLANG_WARN_BLOCK_CAPTURE_AUTORELEASING = YES;
				CLANG_WARN_BOOL_CONVERSION = YES;
				CLANG_WARN_COMMA = YES;
				CLANG_WARN_CONSTANT_CONVERSION = YES;
				CLANG_WARN_DEPRECATED_OBJC_IMPLEMENTATIONS = YES;
				CLANG_WARN_DIRECT_OBJC_ISA_USAGE = YES_ERROR;
				CLANG_WARN_DOCUMENTATION_COMMENTS = YES;
				CLANG_WARN_EMPTY_BODY = YES;
				CLANG_WARN_ENUM_CONVERSION = YES;
				CLANG_WARN_INFINITE_RECURSION = YES;
				CLANG_WARN_INT_CONVERSION = YES;
				CLANG_WARN_NON_LITERAL_NULL_CONVERSION = YES;
				CLANG_WARN_OBJC_IMPLICIT_RETAIN_SELF = YES;
				CLANG_WARN_OBJC_LITERAL_CONVERSION = YES;
				CLANG_WARN_OBJC_ROOT_CLASS = YES_ERROR;
				CLANG_WARN_RANGE_LOOP_ANALYSIS = YES;
				CLANG_WARN_STRICT_PROTOTYPES = YES;
				CLANG_WARN_SUSPICIOUS_MOVE = YES;
				CLANG_WARN_UNGUARDED_AVAILABILITY = YES_AGGRESSIVE;
				CLANG_WARN_UNREACHABLE_CODE = YES;
				CLANG_WARN__DUPLICATE_METHOD_MATCH = YES;
				CODE_SIGN_IDENTITY = "iPhone Developer";
				COPY_PHASE_STRIP = NO;
				DEBUG_INFORMATION_FORMAT = dwarf;
				ENABLE_STRICT_OBJC_MSGSEND = YES;
				ENABLE_TESTABILITY = YES;
				GCC_C_LANGUAGE_STANDARD = gnu11;
				GCC_DYNAMIC_NO_PIC = NO;
				GCC_NO_COMMON_BLOCKS = YES;
				GCC_OPTIMIZATION_LEVEL = 0;
				GCC_PREPROCESSOR_DEFINITIONS = (
					"DEBUG=1",
					"$(inherited)",
				);
				GCC_WARN_64_TO_32_BIT_CONVERSION = YES;
				GCC_WARN_ABOUT_RETURN_TYPE = YES_ERROR;
				GCC_WARN_UNDECLARED_SELECTOR = YES;
				GCC_WARN_UNINITIALIZED_AUTOS = YES_AGGRESSIVE;
				GCC_WARN_UNUSED_FUNCTION = YES;
				GCC_WARN_UNUSED_VARIABLE = YES;
				IPHONEOS_DEPLOYMENT_TARGET = 11.4;
				MTL_ENABLE_DEBUG_INFO = YES;
				ONLY_ACTIVE_ARCH = YES;
				SDKROOT = iphoneos;
				SWIFT_ACTIVE_COMPILATION_CONDITIONS = DEBUG;
				SWIFT_OPTIMIZATION_LEVEL = "-Onone";
			};
			name = Debug;
		};
		936388222108A030006375C8 /* Release */ = {
			isa = XCBuildConfiguration;
			buildSettings = {
				ALWAYS_SEARCH_USER_PATHS = NO;
				CLANG_ANALYZER_NONNULL = YES;
				CLANG_ANALYZER_NUMBER_OBJECT_CONVERSION = YES_AGGRESSIVE;
				CLANG_CXX_LANGUAGE_STANDARD = "gnu++14";
				CLANG_CXX_LIBRARY = "libc++";
				CLANG_ENABLE_MODULES = YES;
				CLANG_ENABLE_OBJC_ARC = YES;
				CLANG_ENABLE_OBJC_WEAK = YES;
				CLANG_WARN_BLOCK_CAPTURE_AUTORELEASING = YES;
				CLANG_WARN_BOOL_CONVERSION = YES;
				CLANG_WARN_COMMA = YES;
				CLANG_WARN_CONSTANT_CONVERSION = YES;
				CLANG_WARN_DEPRECATED_OBJC_IMPLEMENTATIONS = YES;
				CLANG_WARN_DIRECT_OBJC_ISA_USAGE = YES_ERROR;
				CLANG_WARN_DOCUMENTATION_COMMENTS = YES;
				CLANG_WARN_EMPTY_BODY = YES;
				CLANG_WARN_ENUM_CONVERSION = YES;
				CLANG_WARN_INFINITE_RECURSION = YES;
				CLANG_WARN_INT_CONVERSION = YES;
				CLANG_WARN_NON_LITERAL_NULL_CONVERSION = YES;
				CLANG_WARN_OBJC_IMPLICIT_RETAIN_SELF = YES;
				CLANG_WARN_OBJC_LITERAL_CONVERSION = YES;
				CLANG_WARN_OBJC_ROOT_CLASS = YES_ERROR;
				CLANG_WARN_RANGE_LOOP_ANALYSIS = YES;
				CLANG_WARN_STRICT_PROTOTYPES = YES;
				CLANG_WARN_SUSPICIOUS_MOVE = YES;
				CLANG_WARN_UNGUARDED_AVAILABILITY = YES_AGGRESSIVE;
				CLANG_WARN_UNREACHABLE_CODE = YES;
				CLANG_WARN__DUPLICATE_METHOD_MATCH = YES;
				CODE_SIGN_IDENTITY = "iPhone Developer";
				COPY_PHASE_STRIP = NO;
				DEBUG_INFORMATION_FORMAT = "dwarf-with-dsym";
				ENABLE_NS_ASSERTIONS = NO;
				ENABLE_STRICT_OBJC_MSGSEND = YES;
				GCC_C_LANGUAGE_STANDARD = gnu11;
				GCC_NO_COMMON_BLOCKS = YES;
				GCC_WARN_64_TO_32_BIT_CONVERSION = YES;
				GCC_WARN_ABOUT_RETURN_TYPE = YES_ERROR;
				GCC_WARN_UNDECLARED_SELECTOR = YES;
				GCC_WARN_UNINITIALIZED_AUTOS = YES_AGGRESSIVE;
				GCC_WARN_UNUSED_FUNCTION = YES;
				GCC_WARN_UNUSED_VARIABLE = YES;
				IPHONEOS_DEPLOYMENT_TARGET = 11.4;
				MTL_ENABLE_DEBUG_INFO = NO;
				SDKROOT = iphoneos;
				SWIFT_COMPILATION_MODE = wholemodule;
				SWIFT_OPTIMIZATION_LEVEL = "-O";
				VALIDATE_PRODUCT = YES;
			};
			name = Release;
		};
		936388242108A030006375C8 /* Debug */ = {
			isa = XCBuildConfiguration;
			baseConfigurationReference = C023A58F94CC0202B373A4F3 /* Pods-Sherpany Interview Project.debug.xcconfig */;
			buildSettings = {
				ASSETCATALOG_COMPILER_APPICON_NAME = AppIcon;
				CODE_SIGN_STYLE = Automatic;
				INFOPLIST_FILE = "Sherpany Interview Project/Info.plist";
				LD_RUNPATH_SEARCH_PATHS = "$(inherited) @executable_path/Frameworks";
				PRODUCT_BUNDLE_IDENTIFIER = "com.DantePuglisi.Sherpany-Interview-Project";
				PRODUCT_NAME = "$(TARGET_NAME)";
				SWIFT_VERSION = 4.0;
				TARGETED_DEVICE_FAMILY = 2;
			};
			name = Debug;
		};
		936388252108A030006375C8 /* Release */ = {
			isa = XCBuildConfiguration;
			baseConfigurationReference = EE211A8E862851FC32948474 /* Pods-Sherpany Interview Project.release.xcconfig */;
			buildSettings = {
				ASSETCATALOG_COMPILER_APPICON_NAME = AppIcon;
				CODE_SIGN_STYLE = Automatic;
				INFOPLIST_FILE = "Sherpany Interview Project/Info.plist";
				LD_RUNPATH_SEARCH_PATHS = "$(inherited) @executable_path/Frameworks";
				PRODUCT_BUNDLE_IDENTIFIER = "com.DantePuglisi.Sherpany-Interview-Project";
				PRODUCT_NAME = "$(TARGET_NAME)";
				SWIFT_VERSION = 4.0;
				TARGETED_DEVICE_FAMILY = 2;
			};
			name = Release;
		};
/* End XCBuildConfiguration section */

/* Begin XCConfigurationList section */
		936388072108A02E006375C8 /* Build configuration list for PBXProject "Sherpany Interview Project" */ = {
			isa = XCConfigurationList;
			buildConfigurations = (
				936388212108A030006375C8 /* Debug */,
				936388222108A030006375C8 /* Release */,
			);
			defaultConfigurationIsVisible = 0;
			defaultConfigurationName = Release;
		};
		936388232108A030006375C8 /* Build configuration list for PBXNativeTarget "Sherpany Interview Project" */ = {
			isa = XCConfigurationList;
			buildConfigurations = (
				936388242108A030006375C8 /* Debug */,
				936388252108A030006375C8 /* Release */,
			);
			defaultConfigurationIsVisible = 0;
			defaultConfigurationName = Release;
		};
/* End XCConfigurationList section */

/* Begin XCVersionGroup section */
		936388112108A02E006375C8 /* Sherpany_Interview_Project.xcdatamodeld */ = {
			isa = XCVersionGroup;
			children = (
				936388122108A02E006375C8 /* Sherpany_Interview_Project.xcdatamodel */,
			);
			currentVersion = 936388122108A02E006375C8 /* Sherpany_Interview_Project.xcdatamodel */;
			path = Sherpany_Interview_Project.xcdatamodeld;
			sourceTree = "<group>";
			versionGroupType = wrapper.xcdatamodel;
		};
/* End XCVersionGroup section */
	};
	rootObject = 936388042108A02E006375C8 /* Project object */;
}
